
Microsoft Visual Studio Solution File, Format Version 12.00
# Visual Studio Version 16
VisualStudioVersion = 16.0.30804.86
MinimumVisualStudioVersion = 10.0.40219.1
Project("{8BC9CEB8-8B4A-11D0-8D11-00A0C91BC942}") = "SisProgr16", "SisProgr16\SisProgr16.vcxproj", "{6367EC02-D4FA-4C28-8975-A0D08590F33C}"
EndProject
Global
	GlobalSection(SolutionConfigurationPlatforms) = preSolution
		Debug|x64 = Debug|x64
		Debug|x86 = Debug|x86
		Release|x64 = Release|x64
		Release|x86 = Release|x86
	EndGlobalSection
	GlobalSection(ProjectConfigurationPlatforms) = postSolution
		{6367EC02-D4FA-4C28-8975-A0D08590F33C}.Debug|x64.ActiveCfg = Debug|x64
		{6367EC02-D4FA-4C28-8975-A0D08590F33C}.Debug|x64.Build.0 = Debug|x64
		{6367EC02-D4FA-4C28-8975-A0D08590F33C}.Debug|x86.ActiveCfg = Debug|Win32
		{6367EC02-D4FA-4C28-8975-A0D08590F33C}.Debug|x86.Build.0 = Debug|Win32
		{6367EC02-D4FA-4C28-8975-A0D08590F33C}.Release|x64.ActiveCfg = Release|x64
		{6367EC02-D4FA-4C28-8975-A0D08590F33C}.Release|x64.Build.0 = Release|x64
		{6367EC02-D4FA-4C28-8975-A0D08590F33C}.Release|x86.ActiveCfg = Release|Win32
		{6367EC02-D4FA-4C28-8975-A0D08590F33C}.Release|x86.Build.0 = Release|Win32
	EndGlobalSection
	GlobalSection(SolutionProperties) = preSolution
		HideSolutionNode = FALSE
	EndGlobalSection
	GlobalSection(ExtensibilityGlobals) = postSolution
		SolutionGuid = {9886109A-E0E6-4231-B3A5-BBDB9AE5570E}
	EndGlobalSection
EndGlobal
